<?xml version="1.0" encoding="utf-8"?>
<Project ToolsVersion="4.0" xmlns="http://schemas.microsoft.com/developer/msbuild/2003">
  <ItemGroup>
    <Filter Include="inc">
      <UniqueIdentifier>{1981ff24-dc38-492f-9fe4-124d7b6656a2}</UniqueIdentifier>
    </Filter>
    <Filter Include="src">
      <UniqueIdentifier>{a29fbc62-37ed-47c2-9338-1ef697e8bc24}</UniqueIdentifier>
    </Filter>
    <Filter Include="inc\internal">
      <UniqueIdentifier>{4300e7e4-3747-43a1-9c42-57ac00a6b7fe}</UniqueIdentifier>
    </Filter>
  </ItemGroup>
  <ItemGroup>
    <ClInclude Include="inc\Common.h">
      <Filter>inc</Filter>
    </ClInclude>
    <ClInclude Include="inc\IRapcomListener.h">
      <Filter>inc</Filter>
    </ClInclude>
    <ClInclude Include="inc\RapcomBase.h">
      <Filter>inc</Filter>
    </ClInclude>
    <ClInclude Include="inc\internal\IRawCommandHandler.h">
      <Filter>inc\internal</Filter>
    </ClInclude>
    <ClInclude Include="inc\internal\LocalServer.h">
      <Filter>inc\internal</Filter>
    </ClInclude>
    <ClInclude Include="inc\internal\PollServer.h">
      <Filter>inc\internal</Filter>
    </ClInclude>
    <ClInclude Include="inc\internal\SharedFromThisHelper.h">
      <Filter>inc\internal</Filter>
    </ClInclude>
    <ClInclude Include="inc\internal\ThreadedObject.h">
      <Filter>inc\internal</Filter>
    </ClInclude>
  </ItemGroup>
  <ItemGroup>
    <ClCompile Include="src\ThreadedObject.cpp">
      <Filter>src</Filter>
    </ClCompile>
    <ClCompile Include="src\LocalServer.cpp">
      <Filter>src</Filter>
    </ClCompile>
    <ClCompile Include="src\PollServer.cpp">
      <Filter>src</Filter>
    </ClCompile>
    <ClCompile Include="src\RapcomBase.cpp">
      <Filter>src</Filter>
    </ClCompile>
  </ItemGroup>
</Project>